
Microsoft Visual Studio Solution File, Format Version 12.00
# Visual Studio Version 16
VisualStudioVersion = 16.0.29503.13
MinimumVisualStudioVersion = 10.0.40219.1
Project("{FAE04EC0-301F-11D3-BF4B-00C04F79EFBC}") = "CsharpInterface04", "CsharpInterface04.csproj", "{69DF95E5-57A9-4589-A48A-6D64DBF374FC}"
EndProject
Global
	GlobalSection(SolutionConfigurationPlatforms) = preSolution
		Debug|Any CPU = Debug|Any CPU
		Release|Any CPU = Release|Any CPU
	EndGlobalSection
	GlobalSection(ProjectConfigurationPlatforms) = postSolution
		{69DF95E5-57A9-4589-A48A-6D64DBF374FC}.Debug|Any CPU.ActiveCfg = Debug|Any CPU
		{69DF95E5-57A9-4589-A48A-6D64DBF374FC}.Debug|Any CPU.Build.0 = Debug|Any CPU
		{69DF95E5-57A9-4589-A48A-6D64DBF374FC}.Release|Any CPU.ActiveCfg = Release|Any CPU
		{69DF95E5-57A9-4589-A48A-6D64DBF374FC}.Release|Any CPU.Build.0 = Release|Any CPU
	EndGlobalSection
	GlobalSection(SolutionProperties) = preSolution
		HideSolutionNode = FALSE
	EndGlobalSection
	GlobalSection(ExtensibilityGlobals) = postSolution
		SolutionGuid = {63D2930A-8BEF-4F93-950F-2120AF62C90F}
	EndGlobalSection
EndGlobal
