
Microsoft Visual Studio Solution File, Format Version 12.00
# Visual Studio Version 17
VisualStudioVersion = 17.1.32127.271
MinimumVisualStudioVersion = 10.0.40219.1
Project("{FAE04EC0-301F-11D3-BF4B-00C04F79EFBC}") = "Database", "Database\Database.csproj", "{E1E7F252-C83B-4785-9585-3869960F216F}"
EndProject
Global
	GlobalSection(SolutionConfigurationPlatforms) = preSolution
		Debug|Any CPU = Debug|Any CPU
		Release|Any CPU = Release|Any CPU
	EndGlobalSection
	GlobalSection(ProjectConfigurationPlatforms) = postSolution
		{E1E7F252-C83B-4785-9585-3869960F216F}.Debug|Any CPU.ActiveCfg = Debug|Any CPU
		{E1E7F252-C83B-4785-9585-3869960F216F}.Debug|Any CPU.Build.0 = Debug|Any CPU
		{E1E7F252-C83B-4785-9585-3869960F216F}.Release|Any CPU.ActiveCfg = Release|Any CPU
		{E1E7F252-C83B-4785-9585-3869960F216F}.Release|Any CPU.Build.0 = Release|Any CPU
	EndGlobalSection
	GlobalSection(SolutionProperties) = preSolution
		HideSolutionNode = FALSE
	EndGlobalSection
	GlobalSection(ExtensibilityGlobals) = postSolution
		SolutionGuid = {33D7B3B6-DC91-47F5-9BE6-0C98C9C757B0}
	EndGlobalSection
EndGlobal
