
Microsoft Visual Studio Solution File, Format Version 12.00
# Visual Studio Version 16
VisualStudioVersion = 16.0.29503.13
MinimumVisualStudioVersion = 10.0.40219.1
Project("{FAE04EC0-301F-11D3-BF4B-00C04F79EFBC}") = "Csharp05", "Csharp05.csproj", "{FF177D4F-3914-4209-82D2-7FBE3D802A50}"
EndProject
Global
	GlobalSection(SolutionConfigurationPlatforms) = preSolution
		Debug|Any CPU = Debug|Any CPU
		Release|Any CPU = Release|Any CPU
	EndGlobalSection
	GlobalSection(ProjectConfigurationPlatforms) = postSolution
		{FF177D4F-3914-4209-82D2-7FBE3D802A50}.Debug|Any CPU.ActiveCfg = Debug|Any CPU
		{FF177D4F-3914-4209-82D2-7FBE3D802A50}.Debug|Any CPU.Build.0 = Debug|Any CPU
		{FF177D4F-3914-4209-82D2-7FBE3D802A50}.Release|Any CPU.ActiveCfg = Release|Any CPU
		{FF177D4F-3914-4209-82D2-7FBE3D802A50}.Release|Any CPU.Build.0 = Release|Any CPU
	EndGlobalSection
	GlobalSection(SolutionProperties) = preSolution
		HideSolutionNode = FALSE
	EndGlobalSection
	GlobalSection(ExtensibilityGlobals) = postSolution
		SolutionGuid = {EAA59A27-9150-414C-9ADF-D80D950BA3F6}
	EndGlobalSection
EndGlobal
